
Microsoft Visual Studio Solution File, Format Version 12.00
# Visual Studio Version 16
VisualStudioVersion = 16.0.30406.217
MinimumVisualStudioVersion = 10.0.40219.1
Project("{FAE04EC0-301F-11D3-BF4B-00C04F79EFBC}") = "Lab14_Framework", "Lab14_Framework\Lab14_Framework.csproj", "{B2F9FDE8-1BFB-4A0F-8C37-84B8A0945222}"
EndProject
Global
	GlobalSection(SolutionConfigurationPlatforms) = preSolution
		Debug|Any CPU = Debug|Any CPU
		Release|Any CPU = Release|Any CPU
	EndGlobalSection
	GlobalSection(ProjectConfigurationPlatforms) = postSolution
		{B2F9FDE8-1BFB-4A0F-8C37-84B8A0945222}.Debug|Any CPU.ActiveCfg = Debug|Any CPU
		{B2F9FDE8-1BFB-4A0F-8C37-84B8A0945222}.Debug|Any CPU.Build.0 = Debug|Any CPU
		{B2F9FDE8-1BFB-4A0F-8C37-84B8A0945222}.Release|Any CPU.ActiveCfg = Release|Any CPU
		{B2F9FDE8-1BFB-4A0F-8C37-84B8A0945222}.Release|Any CPU.Build.0 = Release|Any CPU
	EndGlobalSection
	GlobalSection(SolutionProperties) = preSolution
		HideSolutionNode = FALSE
	EndGlobalSection
	GlobalSection(ExtensibilityGlobals) = postSolution
		SolutionGuid = {D534C5DB-C341-4810-9941-22FBBC305B6A}
	EndGlobalSection
EndGlobal
